// !$*UTF8*$!
{
	archiveVersion = 1;
	classes = {
	};
	objectVersion = 46;
	objects = {

/* Begin PBXBuildFile section */
		3D0546BB1EF2336B00BAE69E /* main.m in Sources */ = {isa = PBXBuildFile; fileRef = 3D0546BA1EF2336B00BAE69E /* main.m */; };
		3D0546BE1EF2336B00BAE69E /* AppDelegate.m in Sources */ = {isa = PBXBuildFile; fileRef = 3D0546BD1EF2336B00BAE69E /* AppDelegate.m */; };
		3D0546C11EF2336B00BAE69E /* ViewController.m in Sources */ = {isa = PBXBuildFile; fileRef = 3D0546C01EF2336B00BAE69E /* ViewController.m */; };
		3D0546C41EF2336B00BAE69E /* Main.storyboard in Resources */ = {isa = PBXBuildFile; fileRef = 3D0546C21EF2336B00BAE69E /* Main.storyboard */; };
		3D0546C61EF2336B00BAE69E /* Assets.xcassets in Resources */ = {isa = PBXBuildFile; fileRef = 3D0546C51EF2336B00BAE69E /* Assets.xcassets */; };
		3D0546C91EF2336B00BAE69E /* LaunchScreen.storyboard in Resources */ = {isa = PBXBuildFile; fileRef = 3D0546C71EF2336B00BAE69E /* LaunchScreen.storyboard */; };
		3D0546D21EF2339F00BAE69E /* MsgObject.m in Sources */ = {isa = PBXBuildFile; fileRef = 3D0546D11EF2339F00BAE69E /* MsgObject.m */; };
		3D7585D01F16926A00FE073B /* Person.m in Sources */ = {isa = PBXBuildFile; fileRef = 3D7585CF1F16926A00FE073B /* Person.m */; };
		3D85F4001EFBF44500CA59FD /* RuntimeObject.m in Sources */ = {isa = PBXBuildFile; fileRef = 3D85F3FF1EFBF44500CA59FD /* RuntimeObject.m */; };
/* End PBXBuildFile section */

/* Begin PBXFileReference section */
		3D0546B61EF2336B00BAE69E /* objc_msgForward_Demo.app */ = {isa = PBXFileReference; explicitFileType = wrapper.application; includeInIndex = 0; path = objc_msgForward_Demo.app; sourceTree = BUILT_PRODUCTS_DIR; };
		3D0546BA1EF2336B00BAE69E /* main.m */ = {isa = PBXFileReference; lastKnownFileType = sourcecode.c.objc; path = main.m; sourceTree = "<group>"; };
		3D0546BC1EF2336B00BAE69E /* AppDelegate.h */ = {isa = PBXFileReference; lastKnownFileType = sourcecode.c.h; path = AppDelegate.h; sourceTree = "<group>"; };
		3D0546BD1EF2336B00BAE69E /* AppDelegate.m */ = {isa = PBXFileReference; lastKnownFileType = sourcecode.c.objc; path = AppDelegate.m; sourceTree = "<group>"; };
		3D0546BF1EF2336B00BAE69E /* ViewController.h */ = {isa = PBXFileReference; lastKnownFileType = sourcecode.c.h; path = ViewController.h; sourceTree = "<group>"; };
		3D0546C01EF2336B00BAE69E /* ViewController.m */ = {isa = PBXFileReference; lastKnownFileType = sourcecode.c.objc; path = ViewController.m; sourceTree = "<group>"; };
		3D0546C31EF2336B00BAE69E /* Base */ = {isa = PBXFileReference; lastKnownFileType = file.storyboard; name = Base; path = Base.lproj/Main.storyboard; sourceTree = "<group>"; };
		3D0546C51EF2336B00BAE69E /* Assets.xcassets */ = {isa = PBXFileReference; lastKnownFileType = folder.assetcatalog; path = Assets.xcassets; sourceTree = "<group>"; };
		3D0546C81EF2336B00BAE69E /* Base */ = {isa = PBXFileReference; lastKnownFileType = file.storyboard; name = Base; path = Base.lproj/LaunchScreen.storyboard; sourceTree = "<group>"; };
		3D0546CA1EF2336B00BAE69E /* Info.plist */ = {isa = PBXFileReference; lastKnownFileType = text.plist.xml; path = Info.plist; sourceTree = "<group>"; };
		3D0546D01EF2339F00BAE69E /* MsgObject.h */ = {isa = PBXFileReference; fileEncoding = 4; lastKnownFileType = sourcecode.c.h; path = MsgObject.h; sourceTree = "<group>"; };
		3D0546D11EF2339F00BAE69E /* MsgObject.m */ = {isa = PBXFileReference; fileEncoding = 4; lastKnownFileType = sourcecode.c.objc; path = MsgObject.m; sourceTree = "<group>"; };
		3D7585CE1F16926A00FE073B /* Person.h */ = {isa = PBXFileReference; fileEncoding = 4; lastKnownFileType = sourcecode.c.h; path = Person.h; sourceTree = "<group>"; };
		3D7585CF1F16926A00FE073B /* Person.m */ = {isa = PBXFileReference; fileEncoding = 4; lastKnownFileType = sourcecode.c.objc; path = Person.m; sourceTree = "<group>"; };
		3D85F3FE1EFBF44500CA59FD /* RuntimeObject.h */ = {isa = PBXFileReference; fileEncoding = 4; lastKnownFileType = sourcecode.c.h; path = RuntimeObject.h; sourceTree = "<group>"; };
		3D85F3FF1EFBF44500CA59FD /* RuntimeObject.m */ = {isa = PBXFileReference; fileEncoding = 4; lastKnownFileType = sourcecode.c.objc; path = RuntimeObject.m; sourceTree = "<group>"; };
/* End PBXFileReference section */

/* Begin PBXFrameworksBuildPhase section */
		3D0546B31EF2336B00BAE69E /* Frameworks */ = {
			isa = PBXFrameworksBuildPhase;
			buildActionMask = 2147483647;
			files = (
			);
			runOnlyForDeploymentPostprocessing = 0;
		};
/* End PBXFrameworksBuildPhase section */

/* Begin PBXGroup section */
		3D0546AD1EF2336B00BAE69E = {
			isa = PBXGroup;
			children = (
				3D0546B81EF2336B00BAE69E /* objc_msgForward_Demo */,
				3D0546B71EF2336B00BAE69E /* Products */,
			);
			sourceTree = "<group>";
		};
		3D0546B71EF2336B00BAE69E /* Products */ = {
			isa = PBXGroup;
			children = (
				3D0546B61EF2336B00BAE69E /* objc_msgForward_Demo.app */,
			);
			name = Products;
			sourceTree = "<group>";
		};
		3D0546B81EF2336B00BAE69E /* objc_msgForward_Demo */ = {
			isa = PBXGroup;
			children = (
				3D85F3FE1EFBF44500CA59FD /* RuntimeObject.h */,
				3D85F3FF1EFBF44500CA59FD /* RuntimeObject.m */,
				3D7585CE1F16926A00FE073B /* Person.h */,
				3D7585CF1F16926A00FE073B /* Person.m */,
				3D0546D01EF2339F00BAE69E /* MsgObject.h */,
				3D0546D11EF2339F00BAE69E /* MsgObject.m */,
				3D0546BC1EF2336B00BAE69E /* AppDelegate.h */,
				3D0546BD1EF2336B00BAE69E /* AppDelegate.m */,
				3D0546BF1EF2336B00BAE69E /* ViewController.h */,
				3D0546C01EF2336B00BAE69E /* ViewController.m */,
				3D0546C21EF2336B00BAE69E /* Main.storyboard */,
				3D0546C51EF2336B00BAE69E /* Assets.xcassets */,
				3D0546C71EF2336B00BAE69E /* LaunchScreen.storyboard */,
				3D0546CA1EF2336B00BAE69E /* Info.plist */,
				3D0546B91EF2336B00BAE69E /* Supporting Files */,
			);
			path = objc_msgForward_Demo;
			sourceTree = "<group>";
		};
		3D0546B91EF2336B00BAE69E /* Supporting Files */ = {
			isa = PBXGroup;
			children = (
				3D0546BA1EF2336B00BAE69E /* main.m */,
			);
			name = "Supporting Files";
			sourceTree = "<group>";
		};
/* End PBXGroup section */

/* Begin PBXNativeTarget section */
		3D0546B51EF2336B00BAE69E /* objc_msgForward_Demo */ = {
			isa = PBXNativeTarget;
			buildConfigurationList = 3D0546CD1EF2336B00BAE69E /* Build configuration list for PBXNativeTarget "objc_msgForward_Demo" */;
			buildPhases = (
				3D0546B21EF2336B00BAE69E /* Sources */,
				3D0546B31EF2336B00BAE69E /* Frameworks */,
				3D0546B41EF2336B00BAE69E /* Resources */,
			);
			buildRules = (
			);
			dependencies = (
			);
			name = objc_msgForward_Demo;
			productName = objc_msgForward_Demo;
			productReference = 3D0546B61EF2336B00BAE69E /* objc_msgForward_Demo.app */;
			productType = "com.apple.product-type.application";
		};
/* End PBXNativeTarget section */

/* Begin PBXProject section */
		3D0546AE1EF2336B00BAE69E /* Project object */ = {
			isa = PBXProject;
			attributes = {
				LastUpgradeCheck = 0830;
				ORGANIZATIONNAME = kang;
				TargetAttributes = {
					3D0546B51EF2336B00BAE69E = {
						CreatedOnToolsVersion = 8.3.2;
						ProvisioningStyle = Automatic;
					};
				};
			};
			buildConfigurationList = 3D0546B11EF2336B00BAE69E /* Build configuration list for PBXProject "objc_msgForward_Demo" */;
			compatibilityVersion = "Xcode 3.2";
			developmentRegion = English;
			hasScannedForEncodings = 0;
			knownRegions = (
				en,
				Base,
			);
			mainGroup = 3D0546AD1EF2336B00BAE69E;
			productRefGroup = 3D0546B71EF2336B00BAE69E /* Products */;
			projectDirPath = "";
			projectRoot = "";
			targets = (
				3D0546B51EF2336B00BAE69E /* objc_msgForward_Demo */,
			);
		};
/* End PBXProject section */

/* Begin PBXResourcesBuildPhase section */
		3D0546B41EF2336B00BAE69E /* Resources */ = {
			isa = PBXResourcesBuildPhase;
			buildActionMask = 2147483647;
			files = (
				3D0546C91EF2336B00BAE69E /* LaunchScreen.storyboard in Resources */,
				3D0546C61EF2336B00BAE69E /* Assets.xcassets in Resources */,
				3D0546C41EF2336B00BAE69E /* Main.storyboard in Resources */,
			);
			runOnlyForDeploymentPostprocessing = 0;
		};
/* End PBXResourcesBuildPhase section */

/* Begin PBXSourcesBuildPhase section */
		3D0546B21EF2336B00BAE69E /* Sources */ = {
			isa = PBXSourcesBuildPhase;
			buildActionMask = 2147483647;
			files = (
				3D7585D01F16926A00FE073B /* Person.m in Sources */,
				3D0546D21EF2339F00BAE69E /* MsgObject.m in Sources */,
				3D0546C11EF2336B00BAE69E /* ViewController.m in Sources */,
				3D0546BE1EF2336B00BAE69E /* AppDelegate.m in Sources */,
				3D85F4001EFBF44500CA59FD /* RuntimeObject.m in Sources */,
				3D0546BB1EF2336B00BAE69E /* main.m in Sources */,
			);
			runOnlyForDeploymentPostprocessing = 0;
		};
/* End PBXSourcesBuildPhase section */

/* Begin PBXVariantGroup section */
		3D0546C21EF2336B00BAE69E /* Main.storyboard */ = {
			isa = PBXVariantGroup;
			children = (
				3D0546C31EF2336B00BAE69E /* Base */,
			);
			name = Main.storyboard;
			sourceTree = "<group>";
		};
		3D0546C71EF2336B00BAE69E /* LaunchScreen.storyboard */ = {
			isa = PBXVariantGroup;
			children = (
				3D0546C81EF2336B00BAE69E /* Base */,
			);
			name = LaunchScreen.storyboard;
			sourceTree = "<group>";
		};
/* End PBXVariantGroup section */

/* Begin XCBuildConfiguration section */
		3D0546CB1EF2336B00BAE69E /* Debug */ = {
			isa = XCBuildConfiguration;
			buildSettings = {
				ALWAYS_SEARCH_USER_PATHS = NO;
				CLANG_ANALYZER_NONNULL = YES;
				CLANG_ANALYZER_NUMBER_OBJECT_CONVERSION = YES_AGGRESSIVE;
				CLANG_CXX_LANGUAGE_STANDARD = "gnu++0x";
				CLANG_CXX_LIBRARY = "libc++";
				CLANG_ENABLE_MODULES = YES;
				CLANG_ENABLE_OBJC_ARC = YES;
				CLANG_WARN_BOOL_CONVERSION = YES;
				CLANG_WARN_CONSTANT_CONVERSION = YES;
				CLANG_WARN_DIRECT_OBJC_ISA_USAGE = YES_ERROR;
				CLANG_WARN_DOCUMENTATION_COMMENTS = YES;
				CLANG_WARN_EMPTY_BODY = YES;
				CLANG_WARN_ENUM_CONVERSION = YES;
				CLANG_WARN_INFINITE_RECURSION = YES;
				CLANG_WARN_INT_CONVERSION = YES;
				CLANG_WARN_OBJC_ROOT_CLASS = YES_ERROR;
				CLANG_WARN_SUSPICIOUS_MOVE = YES;
				CLANG_WARN_UNREACHABLE_CODE = YES;
				CLANG_WARN__DUPLICATE_METHOD_MATCH = YES;
				"CODE_SIGN_IDENTITY[sdk=iphoneos*]" = "iPhone Developer";
				COPY_PHASE_STRIP = NO;
				DEBUG_INFORMATION_FORMAT = dwarf;
				ENABLE_STRICT_OBJC_MSGSEND = YES;
				ENABLE_TESTABILITY = YES;
				GCC_C_LANGUAGE_STANDARD = gnu99;
				GCC_DYNAMIC_NO_PIC = NO;
				GCC_NO_COMMON_BLOCKS = YES;
				GCC_OPTIMIZATION_LEVEL = 0;
				GCC_PREPROCESSOR_DEFINITIONS = (
					"DEBUG=1",
					"$(inherited)",
				);
				GCC_WARN_64_TO_32_BIT_CONVERSION = YES;
				GCC_WARN_ABOUT_RETURN_TYPE = YES_ERROR;
				GCC_WARN_UNDECLARED_SELECTOR = YES;
				GCC_WARN_UNINITIALIZED_AUTOS = YES_AGGRESSIVE;
				GCC_WARN_UNUSED_FUNCTION = YES;
				GCC_WARN_UNUSED_VARIABLE = YES;
				IPHONEOS_DEPLOYMENT_TARGET = 10.3;
				MTL_ENABLE_DEBUG_INFO = YES;
				ONLY_ACTIVE_ARCH = YES;
				SDKROOT = iphoneos;
				TARGETED_DEVICE_FAMILY = "1,2";
			};
			name = Debug;
		};
		3D0546CC1EF2336B00BAE69E /* Release */ = {
			isa = XCBuildConfiguration;
			buildSettings = {
				ALWAYS_SEARCH_USER_PATHS = NO;
				CLANG_ANALYZER_NONNULL = YES;
				CLANG_ANALYZER_NUMBER_OBJECT_CONVERSION = YES_AGGRESSIVE;
				CLANG_CXX_LANGUAGE_STANDARD = "gnu++0x";
				CLANG_CXX_LIBRARY = "libc++";
				CLANG_ENABLE_MODULES = YES;
				CLANG_ENABLE_OBJC_ARC = YES;
				CLANG_WARN_BOOL_CONVERSION = YES;
				CLANG_WARN_CONSTANT_CONVERSION = YES;
				CLANG_WARN_DIRECT_OBJC_ISA_USAGE = YES_ERROR;
				CLANG_WARN_DOCUMENTATION_COMMENTS = YES;
				CLANG_WARN_EMPTY_BODY = YES;
				CLANG_WARN_ENUM_CONVERSION = YES;
				CLANG_WARN_INFINITE_RECURSION = YES;
				CLANG_WARN_INT_CONVERSION = YES;
				CLANG_WARN_OBJC_ROOT_CLASS = YES_ERROR;
				CLANG_WARN_SUSPICIOUS_MOVE = YES;
				CLANG_WARN_UNREACHABLE_CODE = YES;
				CLANG_WARN__DUPLICATE_METHOD_MATCH = YES;
				"CODE_SIGN_IDENTITY[sdk=iphoneos*]" = "iPhone Developer";
				COPY_PHASE_STRIP = NO;
				DEBUG_INFORMATION_FORMAT = "dwarf-with-dsym";
				ENABLE_NS_ASSERTIONS = NO;
				ENABLE_STRICT_OBJC_MSGSEND = YES;
				GCC_C_LANGUAGE_STANDARD = gnu99;
				GCC_NO_COMMON_BLOCKS = YES;
				GCC_WARN_64_TO_32_BIT_CONVERSION = YES;
				GCC_WARN_ABOUT_RETURN_TYPE = YES_ERROR;
				GCC_WARN_UNDECLARED_SELECTOR = YES;
				GCC_WARN_UNINITIALIZED_AUTOS = YES_AGGRESSIVE;
				GCC_WARN_UNUSED_FUNCTION = YES;
				GCC_WARN_UNUSED_VARIABLE = YES;
				IPHONEOS_DEPLOYMENT_TARGET = 10.3;
				MTL_ENABLE_DEBUG_INFO = NO;
				SDKROOT = iphoneos;
				TARGETED_DEVICE_FAMILY = "1,2";
				VALIDATE_PRODUCT = YES;
			};
			name = Release;
		};
		3D0546CE1EF2336B00BAE69E /* Debug */ = {
			isa = XCBuildConfiguration;
			buildSettings = {
				ASSETCATALOG_COMPILER_APPICON_NAME = AppIcon;
				INFOPLIST_FILE = objc_msgForward_Demo/Info.plist;
				LD_RUNPATH_SEARCH_PATHS = "$(inherited) @executable_path/Frameworks";
				PRODUCT_BUNDLE_IDENTIFIER = "com.kang.objc-msgForward-Demo";
				PRODUCT_NAME = "$(TARGET_NAME)";
			};
			name = Debug;
		};
		3D0546CF1EF2336B00BAE69E /* Release */ = {
			isa = XCBuildConfiguration;
			buildSettings = {
				ASSETCATALOG_COMPILER_APPICON_NAME = AppIcon;
				INFOPLIST_FILE = objc_msgForward_Demo/Info.plist;
				LD_RUNPATH_SEARCH_PATHS = "$(inherited) @executable_path/Frameworks";
				PRODUCT_BUNDLE_IDENTIFIER = "com.kang.objc-msgForward-Demo";
				PRODUCT_NAME = "$(TARGET_NAME)";
			};
			name = Release;
		};
/* End XCBuildConfiguration section */

/* Begin XCConfigurationList section */
		3D0546B11EF2336B00BAE69E /* Build configuration list for PBXProject "objc_msgForward_Demo" */ = {
			isa = XCConfigurationList;
			buildConfigurations = (
				3D0546CB1EF2336B00BAE69E /* Debug */,
				3D0546CC1EF2336B00BAE69E /* Release */,
			);
			defaultConfigurationIsVisible = 0;
			defaultConfigurationName = Release;
		};
		3D0546CD1EF2336B00BAE69E /* Build configuration list for PBXNativeTarget "objc_msgForward_Demo" */ = {
			isa = XCConfigurationList;
			buildConfigurations = (
				3D0546CE1EF2336B00BAE69E /* Debug */,
				3D0546CF1EF2336B00BAE69E /* Release */,
			);
			defaultConfigurationIsVisible = 0;
			defaultConfigurationName = Release;
		};
/* End XCConfigurationList section */
	};
	rootObject = 3D0546AE1EF2336B00BAE69E /* Project object */;
}
